
Microsoft Visual Studio Solution File, Format Version 12.00
# Visual Studio 15
VisualStudioVersion = 15.0.27004.2002
MinimumVisualStudioVersion = 10.0.40219.1
Project("{FAE04EC0-301F-11D3-BF4B-00C04F79EFBC}") = "Objects", "Objects\Objects.csproj", "{FF62EC12-CBBD-44D2-982D-D195D48C0473}"
EndProject
Global
	GlobalSection(SolutionConfigurationPlatforms) = preSolution
		Debug|Any CPU = Debug|Any CPU
		Release|Any CPU = Release|Any CPU
	EndGlobalSection
	GlobalSection(ProjectConfigurationPlatforms) = postSolution
		{FF62EC12-CBBD-44D2-982D-D195D48C0473}.Debug|Any CPU.ActiveCfg = Debug|Any CPU
		{FF62EC12-CBBD-44D2-982D-D195D48C0473}.Debug|Any CPU.Build.0 = Debug|Any CPU
		{FF62EC12-CBBD-44D2-982D-D195D48C0473}.Release|Any CPU.ActiveCfg = Release|Any CPU
		{FF62EC12-CBBD-44D2-982D-D195D48C0473}.Release|Any CPU.Build.0 = Release|Any CPU
	EndGlobalSection
	GlobalSection(SolutionProperties) = preSolution
		HideSolutionNode = FALSE
	EndGlobalSection
	GlobalSection(ExtensibilityGlobals) = postSolution
		SolutionGuid = {D2FFFB05-4ABD-4B99-8304-1DC22393463A}
	EndGlobalSection
EndGlobal
