
Microsoft Visual Studio Solution File, Format Version 12.00
# Visual Studio 15
VisualStudioVersion = 15.0.27004.2002
MinimumVisualStudioVersion = 10.0.40219.1
Project("{FAE04EC0-301F-11D3-BF4B-00C04F79EFBC}") = "For01", "For01\For01.csproj", "{8403B3EE-F368-41EC-AE21-B8773D14824D}"
EndProject
Global
	GlobalSection(SolutionConfigurationPlatforms) = preSolution
		Debug|Any CPU = Debug|Any CPU
		Release|Any CPU = Release|Any CPU
	EndGlobalSection
	GlobalSection(ProjectConfigurationPlatforms) = postSolution
		{8403B3EE-F368-41EC-AE21-B8773D14824D}.Debug|Any CPU.ActiveCfg = Debug|Any CPU
		{8403B3EE-F368-41EC-AE21-B8773D14824D}.Debug|Any CPU.Build.0 = Debug|Any CPU
		{8403B3EE-F368-41EC-AE21-B8773D14824D}.Release|Any CPU.ActiveCfg = Release|Any CPU
		{8403B3EE-F368-41EC-AE21-B8773D14824D}.Release|Any CPU.Build.0 = Release|Any CPU
	EndGlobalSection
	GlobalSection(SolutionProperties) = preSolution
		HideSolutionNode = FALSE
	EndGlobalSection
	GlobalSection(ExtensibilityGlobals) = postSolution
		SolutionGuid = {E500AAE3-F0F0-4521-B4AD-FC6E7DA237F2}
	EndGlobalSection
EndGlobal
